// !$*UTF8*$!
{
	archiveVersion = 1;
	classes = {
	};
	objectVersion = 51;
	objects = {

/* Begin PBXBuildFile section */
		12136C1543F5C8450B9D2720 /* Pods_Onecalios.framework in Frameworks */ = {isa = PBXBuildFile; fileRef = 37DB953F026620EFE8B3092D /* Pods_Onecalios.framework */; };
		BA0136AE26AC36C700847ECA /* FloatingMenu.swift in Sources */ = {isa = PBXBuildFile; fileRef = BA0136AD26AC36C700847ECA /* FloatingMenu.swift */; };
		BA0136B026AC3E5700847ECA /* ViewExtension.swift in Sources */ = {isa = PBXBuildFile; fileRef = BA0136AF26AC3E5700847ECA /* ViewExtension.swift */; };
		BA031D6B264956BA0024A21D /* DayEventListViewController.swift in Sources */ = {isa = PBXBuildFile; fileRef = BA031D6A264956BA0024A21D /* DayEventListViewController.swift */; };
		BA031D70264956BB0024A21D /* Assets.xcassets in Resources */ = {isa = PBXBuildFile; fileRef = BA031D6F264956BB0024A21D /* Assets.xcassets */; };
		BA031D7E264956BB0024A21D /* OnecaliosTests.swift in Sources */ = {isa = PBXBuildFile; fileRef = BA031D7D264956BB0024A21D /* OnecaliosTests.swift */; };
		BA031D89264956BB0024A21D /* OnecaliosUITests.swift in Sources */ = {isa = PBXBuildFile; fileRef = BA031D88264956BB0024A21D /* OnecaliosUITests.swift */; };
		BA031D97264A035E0024A21D /* DayEventListReactor.swift in Sources */ = {isa = PBXBuildFile; fileRef = BA031D96264A035E0024A21D /* DayEventListReactor.swift */; };
		BA272EDF2697ED5E0062D9A3 /* Preview Assets.xcassets in Resources */ = {isa = PBXBuildFile; fileRef = BA272EDE2697ED5E0062D9A3 /* Preview Assets.xcassets */; };
		BA272EE22697EE130062D9A3 /* MainCalendarView.swift in Sources */ = {isa = PBXBuildFile; fileRef = BA272EE02697EE130062D9A3 /* MainCalendarView.swift */; };
		BA272EE32697EE130062D9A3 /* OnecaliosApp.swift in Sources */ = {isa = PBXBuildFile; fileRef = BA272EE12697EE130062D9A3 /* OnecaliosApp.swift */; };
		BA6414B9264FBF5E00CC63DF /* CalendarManager.swift in Sources */ = {isa = PBXBuildFile; fileRef = BA6414B8264FBF5E00CC63DF /* CalendarManager.swift */; };
		BA9485A326AC4EA7009BCA5F /* SettingsView.swift in Sources */ = {isa = PBXBuildFile; fileRef = BA9485A226AC4EA7009BCA5F /* SettingsView.swift */; };
		BA9485A826AC4F50009BCA5F /* Color+Extension.swift in Sources */ = {isa = PBXBuildFile; fileRef = BA9485A526AC4F50009BCA5F /* Color+Extension.swift */; };
		BA9485A926AC4F50009BCA5F /* LocalNotifications.swift in Sources */ = {isa = PBXBuildFile; fileRef = BA9485A626AC4F50009BCA5F /* LocalNotifications.swift */; };
		BA9485AA26AC4F50009BCA5F /* Appearance.swift in Sources */ = {isa = PBXBuildFile; fileRef = BA9485A726AC4F50009BCA5F /* Appearance.swift */; };
		BABE995026A4096700531483 /* LogoImage.swift in Sources */ = {isa = PBXBuildFile; fileRef = BABE994F26A4096700531483 /* LogoImage.swift */; };
		BABE995526A40C0600531483 /* UserManager.swift in Sources */ = {isa = PBXBuildFile; fileRef = BABE995226A40C0600531483 /* UserManager.swift */; };
		BABE995626A40C0600531483 /* Profile.swift in Sources */ = {isa = PBXBuildFile; fileRef = BABE995326A40C0600531483 /* Profile.swift */; };
		BABE995726A40C0600531483 /* Settings.swift in Sources */ = {isa = PBXBuildFile; fileRef = BABE995426A40C0600531483 /* Settings.swift */; };
		BABE995926A40C3C00531483 /* WelcomeBackgroundImage.swift in Sources */ = {isa = PBXBuildFile; fileRef = BABE995826A40C3C00531483 /* WelcomeBackgroundImage.swift */; };
		BABE995B26A40C9D00531483 /* WelcomeMessageView.swift in Sources */ = {isa = PBXBuildFile; fileRef = BABE995A26A40C9D00531483 /* WelcomeMessageView.swift */; };
		BABE995D26A40CD400531483 /* HorizontallyAlignedLabelStyle.swift in Sources */ = {isa = PBXBuildFile; fileRef = BABE995C26A40CD400531483 /* HorizontallyAlignedLabelStyle.swift */; };
		BABE995F26A40D3C00531483 /* WelcomeView.swift in Sources */ = {isa = PBXBuildFile; fileRef = BABE995E26A40D3C00531483 /* WelcomeView.swift */; };
		BABE996426A41DD600531483 /* Main.storyboard in Resources */ = {isa = PBXBuildFile; fileRef = BABE996226A41DD600531483 /* Main.storyboard */; };
		BAFC29C5266B2D03001C9E5A /* DispatchExtension.swift in Sources */ = {isa = PBXBuildFile; fileRef = BAFC29C4266B2D03001C9E5A /* DispatchExtension.swift */; };
		BAFC29C7266B4F9D001C9E5A /* EKEventUI+Rx.swift in Sources */ = {isa = PBXBuildFile; fileRef = BAFC29C6266B4F9C001C9E5A /* EKEventUI+Rx.swift */; };
/* End PBXBuildFile section */

/* Begin PBXContainerItemProxy section */
		BA031D7A264956BB0024A21D /* PBXContainerItemProxy */ = {
			isa = PBXContainerItemProxy;
			containerPortal = BA031D5B264956BA0024A21D /* Project object */;
			proxyType = 1;
			remoteGlobalIDString = BA031D62264956BA0024A21D;
			remoteInfo = onecalios;
		};
		BA031D85264956BB0024A21D /* PBXContainerItemProxy */ = {
			isa = PBXContainerItemProxy;
			containerPortal = BA031D5B264956BA0024A21D /* Project object */;
			proxyType = 1;
			remoteGlobalIDString = BA031D62264956BA0024A21D;
			remoteInfo = onecalios;
		};
/* End PBXContainerItemProxy section */

/* Begin PBXFileReference section */
		37DB953F026620EFE8B3092D /* Pods_Onecalios.framework */ = {isa = PBXFileReference; explicitFileType = wrapper.framework; includeInIndex = 0; path = Pods_Onecalios.framework; sourceTree = BUILT_PRODUCTS_DIR; };
		BA0136AD26AC36C700847ECA /* FloatingMenu.swift */ = {isa = PBXFileReference; lastKnownFileType = sourcecode.swift; name = FloatingMenu.swift; path = onecalios/Components/FloatingMenu.swift; sourceTree = SOURCE_ROOT; };
		BA0136AF26AC3E5700847ECA /* ViewExtension.swift */ = {isa = PBXFileReference; lastKnownFileType = sourcecode.swift; path = ViewExtension.swift; sourceTree = "<group>"; };
		BA031D63264956BA0024A21D /* Onecalios.app */ = {isa = PBXFileReference; explicitFileType = wrapper.application; includeInIndex = 0; path = Onecalios.app; sourceTree = BUILT_PRODUCTS_DIR; };
		BA031D6A264956BA0024A21D /* DayEventListViewController.swift */ = {isa = PBXFileReference; lastKnownFileType = sourcecode.swift; path = DayEventListViewController.swift; sourceTree = "<group>"; };
		BA031D6F264956BB0024A21D /* Assets.xcassets */ = {isa = PBXFileReference; lastKnownFileType = folder.assetcatalog; path = Assets.xcassets; sourceTree = "<group>"; };
		BA031D74264956BB0024A21D /* Info.plist */ = {isa = PBXFileReference; lastKnownFileType = text.plist.xml; path = Info.plist; sourceTree = "<group>"; };
		BA031D79264956BB0024A21D /* OnecaliosTests.xctest */ = {isa = PBXFileReference; explicitFileType = wrapper.cfbundle; includeInIndex = 0; path = OnecaliosTests.xctest; sourceTree = BUILT_PRODUCTS_DIR; };
		BA031D7D264956BB0024A21D /* OnecaliosTests.swift */ = {isa = PBXFileReference; lastKnownFileType = sourcecode.swift; path = OnecaliosTests.swift; sourceTree = "<group>"; };
		BA031D7F264956BB0024A21D /* Info.plist */ = {isa = PBXFileReference; lastKnownFileType = text.plist.xml; path = Info.plist; sourceTree = "<group>"; };
		BA031D84264956BB0024A21D /* OnecaliosUITests.xctest */ = {isa = PBXFileReference; explicitFileType = wrapper.cfbundle; includeInIndex = 0; path = OnecaliosUITests.xctest; sourceTree = BUILT_PRODUCTS_DIR; };
		BA031D88264956BB0024A21D /* OnecaliosUITests.swift */ = {isa = PBXFileReference; lastKnownFileType = sourcecode.swift; path = OnecaliosUITests.swift; sourceTree = "<group>"; };
		BA031D8A264956BB0024A21D /* Info.plist */ = {isa = PBXFileReference; lastKnownFileType = text.plist.xml; path = Info.plist; sourceTree = "<group>"; };
		BA031D96264A035E0024A21D /* DayEventListReactor.swift */ = {isa = PBXFileReference; lastKnownFileType = sourcecode.swift; path = DayEventListReactor.swift; sourceTree = "<group>"; };
		BA272EDE2697ED5E0062D9A3 /* Preview Assets.xcassets */ = {isa = PBXFileReference; lastKnownFileType = folder.assetcatalog; path = "Preview Assets.xcassets"; sourceTree = "<group>"; };
		BA272EE02697EE130062D9A3 /* MainCalendarView.swift */ = {isa = PBXFileReference; fileEncoding = 4; lastKnownFileType = sourcecode.swift; name = MainCalendarView.swift; path = onecalios/MainCalendarView.swift; sourceTree = SOURCE_ROOT; };
		BA272EE12697EE130062D9A3 /* OnecaliosApp.swift */ = {isa = PBXFileReference; fileEncoding = 4; lastKnownFileType = sourcecode.swift; name = OnecaliosApp.swift; path = onecalios/OnecaliosApp.swift; sourceTree = SOURCE_ROOT; };
		BA6414B8264FBF5E00CC63DF /* CalendarManager.swift */ = {isa = PBXFileReference; lastKnownFileType = sourcecode.swift; path = CalendarManager.swift; sourceTree = "<group>"; };
		BA9485A226AC4EA7009BCA5F /* SettingsView.swift */ = {isa = PBXFileReference; fileEncoding = 4; lastKnownFileType = sourcecode.swift; path = SettingsView.swift; sourceTree = "<group>"; };
		BA9485A526AC4F50009BCA5F /* Color+Extension.swift */ = {isa = PBXFileReference; fileEncoding = 4; lastKnownFileType = sourcecode.swift; path = "Color+Extension.swift"; sourceTree = "<group>"; };
		BA9485A626AC4F50009BCA5F /* LocalNotifications.swift */ = {isa = PBXFileReference; fileEncoding = 4; lastKnownFileType = sourcecode.swift; path = LocalNotifications.swift; sourceTree = "<group>"; };
		BA9485A726AC4F50009BCA5F /* Appearance.swift */ = {isa = PBXFileReference; fileEncoding = 4; lastKnownFileType = sourcecode.swift; path = Appearance.swift; sourceTree = "<group>"; };
		BABE994F26A4096700531483 /* LogoImage.swift */ = {isa = PBXFileReference; fileEncoding = 4; lastKnownFileType = sourcecode.swift; path = LogoImage.swift; sourceTree = "<group>"; };
		BABE995226A40C0600531483 /* UserManager.swift */ = {isa = PBXFileReference; fileEncoding = 4; lastKnownFileType = sourcecode.swift; path = UserManager.swift; sourceTree = "<group>"; };
		BABE995326A40C0600531483 /* Profile.swift */ = {isa = PBXFileReference; fileEncoding = 4; lastKnownFileType = sourcecode.swift; path = Profile.swift; sourceTree = "<group>"; };
		BABE995426A40C0600531483 /* Settings.swift */ = {isa = PBXFileReference; fileEncoding = 4; lastKnownFileType = sourcecode.swift; path = Settings.swift; sourceTree = "<group>"; };
		BABE995826A40C3C00531483 /* WelcomeBackgroundImage.swift */ = {isa = PBXFileReference; fileEncoding = 4; lastKnownFileType = sourcecode.swift; path = WelcomeBackgroundImage.swift; sourceTree = "<group>"; };
		BABE995A26A40C9D00531483 /* WelcomeMessageView.swift */ = {isa = PBXFileReference; fileEncoding = 4; lastKnownFileType = sourcecode.swift; path = WelcomeMessageView.swift; sourceTree = "<group>"; };
		BABE995C26A40CD400531483 /* HorizontallyAlignedLabelStyle.swift */ = {isa = PBXFileReference; fileEncoding = 4; lastKnownFileType = sourcecode.swift; path = HorizontallyAlignedLabelStyle.swift; sourceTree = "<group>"; };
		BABE995E26A40D3C00531483 /* WelcomeView.swift */ = {isa = PBXFileReference; fileEncoding = 4; lastKnownFileType = sourcecode.swift; path = WelcomeView.swift; sourceTree = "<group>"; };
		BABE996326A41DD600531483 /* Base */ = {isa = PBXFileReference; lastKnownFileType = file.storyboard; name = Base; path = onecalios/Storyboards/onecalios/Base.lproj/Main.storyboard; sourceTree = SOURCE_ROOT; };
		BAFC29C4266B2D03001C9E5A /* DispatchExtension.swift */ = {isa = PBXFileReference; lastKnownFileType = sourcecode.swift; path = DispatchExtension.swift; sourceTree = "<group>"; };
		BAFC29C6266B4F9C001C9E5A /* EKEventUI+Rx.swift */ = {isa = PBXFileReference; lastKnownFileType = sourcecode.swift; path = "EKEventUI+Rx.swift"; sourceTree = "<group>"; };
		D1FB1E2794916951DB1E43AB /* Pods-Onecalios.debug.xcconfig */ = {isa = PBXFileReference; includeInIndex = 1; lastKnownFileType = text.xcconfig; name = "Pods-Onecalios.debug.xcconfig"; path = "Target Support Files/Pods-Onecalios/Pods-Onecalios.debug.xcconfig"; sourceTree = "<group>"; };
		F4969995CA75593F90EE3E62 /* Pods-Onecalios.release.xcconfig */ = {isa = PBXFileReference; includeInIndex = 1; lastKnownFileType = text.xcconfig; name = "Pods-Onecalios.release.xcconfig"; path = "Target Support Files/Pods-Onecalios/Pods-Onecalios.release.xcconfig"; sourceTree = "<group>"; };
/* End PBXFileReference section */

/* Begin PBXFrameworksBuildPhase section */
		BA031D60264956BA0024A21D /* Frameworks */ = {
			isa = PBXFrameworksBuildPhase;
			buildActionMask = 2147483647;
			files = (
				12136C1543F5C8450B9D2720 /* Pods_Onecalios.framework in Frameworks */,
			);
			runOnlyForDeploymentPostprocessing = 0;
		};
		BA031D76264956BB0024A21D /* Frameworks */ = {
			isa = PBXFrameworksBuildPhase;
			buildActionMask = 2147483647;
			files = (
			);
			runOnlyForDeploymentPostprocessing = 0;
		};
		BA031D81264956BB0024A21D /* Frameworks */ = {
			isa = PBXFrameworksBuildPhase;
			buildActionMask = 2147483647;
			files = (
			);
			runOnlyForDeploymentPostprocessing = 0;
		};
/* End PBXFrameworksBuildPhase section */

/* Begin PBXGroup section */
		40768350B8594364A010859D /* Pods */ = {
			isa = PBXGroup;
			children = (
				D1FB1E2794916951DB1E43AB /* Pods-Onecalios.debug.xcconfig */,
				F4969995CA75593F90EE3E62 /* Pods-Onecalios.release.xcconfig */,
			);
			path = Pods;
			sourceTree = "<group>";
		};
		763B05D1C62DA848C8BDB740 /* Frameworks */ = {
			isa = PBXGroup;
			children = (
				37DB953F026620EFE8B3092D /* Pods_Onecalios.framework */,
			);
			name = Frameworks;
			sourceTree = "<group>";
		};
		BA031D5A264956BA0024A21D = {
			isa = PBXGroup;
			children = (
				BA031D65264956BA0024A21D /* Onecalios */,
				BA031D7C264956BB0024A21D /* OnecaliosTests */,
				BA031D87264956BB0024A21D /* OnecaliosUITests */,
				BA031D64264956BA0024A21D /* Products */,
				763B05D1C62DA848C8BDB740 /* Frameworks */,
				40768350B8594364A010859D /* Pods */,
			);
			sourceTree = "<group>";
		};
		BA031D64264956BA0024A21D /* Products */ = {
			isa = PBXGroup;
			children = (
				BA031D63264956BA0024A21D /* Onecalios.app */,
				BA031D79264956BB0024A21D /* OnecaliosTests.xctest */,
				BA031D84264956BB0024A21D /* OnecaliosUITests.xctest */,
			);
			name = Products;
			sourceTree = "<group>";
		};
		BA031D65264956BA0024A21D /* Onecalios */ = {
			isa = PBXGroup;
			children = (
				BA272EE12697EE130062D9A3 /* OnecaliosApp.swift */,
				BABE995E26A40D3C00531483 /* WelcomeView.swift */,
				BA272EE02697EE130062D9A3 /* MainCalendarView.swift */,
				BABE995126A40C0600531483 /* Profile */,
				BABE994E26A4095900531483 /* Components */,
				BABE996026A40FC300531483 /* Managers */,
				BA9485A126AC4E93009BCA5F /* Settings */,
				BABE996126A41C7B00531483 /* Storyboards */,
				BA031D6F264956BB0024A21D /* Assets.xcassets */,
				BA031D74264956BB0024A21D /* Info.plist */,
				BA272EDD2697ED5E0062D9A3 /* Preview Content */,
				BA9485A426AC4F50009BCA5F /* Utils */,
				BA795DEF2665F91E00F55B7E /* Extensions */,
			);
			path = Onecalios;
			sourceTree = "<group>";
		};
		BA031D7C264956BB0024A21D /* OnecaliosTests */ = {
			isa = PBXGroup;
			children = (
				BA031D7D264956BB0024A21D /* OnecaliosTests.swift */,
				BA031D7F264956BB0024A21D /* Info.plist */,
			);
			path = OnecaliosTests;
			sourceTree = "<group>";
		};
		BA031D87264956BB0024A21D /* OnecaliosUITests */ = {
			isa = PBXGroup;
			children = (
				BA031D88264956BB0024A21D /* OnecaliosUITests.swift */,
				BA031D8A264956BB0024A21D /* Info.plist */,
			);
			path = OnecaliosUITests;
			sourceTree = "<group>";
		};
		BA272EDD2697ED5E0062D9A3 /* Preview Content */ = {
			isa = PBXGroup;
			children = (
				BA272EDE2697ED5E0062D9A3 /* Preview Assets.xcassets */,
			);
			name = "Preview Content";
			path = "onecalios/Preview Content";
			sourceTree = SOURCE_ROOT;
		};
		BA795DEF2665F91E00F55B7E /* Extensions */ = {
			isa = PBXGroup;
			children = (
				BAFC29C4266B2D03001C9E5A /* DispatchExtension.swift */,
				BA0136AF26AC3E5700847ECA /* ViewExtension.swift */,
				BAFC29C6266B4F9C001C9E5A /* EKEventUI+Rx.swift */,
			);
			path = Extensions;
			sourceTree = SOURCE_ROOT;
		};
		BA9485A126AC4E93009BCA5F /* Settings */ = {
			isa = PBXGroup;
			children = (
				BA9485A226AC4EA7009BCA5F /* SettingsView.swift */,
			);
			path = Settings;
			sourceTree = "<group>";
		};
		BA9485A426AC4F50009BCA5F /* Utils */ = {
			isa = PBXGroup;
			children = (
				BA9485A526AC4F50009BCA5F /* Color+Extension.swift */,
				BA9485A626AC4F50009BCA5F /* LocalNotifications.swift */,
				BA9485A726AC4F50009BCA5F /* Appearance.swift */,
			);
			path = Utils;
			sourceTree = "<group>";
		};
		BABE994E26A4095900531483 /* Components */ = {
			isa = PBXGroup;
			children = (
				BABE994F26A4096700531483 /* LogoImage.swift */,
				BABE995A26A40C9D00531483 /* WelcomeMessageView.swift */,
				BABE995826A40C3C00531483 /* WelcomeBackgroundImage.swift */,
				BABE995C26A40CD400531483 /* HorizontallyAlignedLabelStyle.swift */,
				BA0136AD26AC36C700847ECA /* FloatingMenu.swift */,
			);
			path = Components;
			sourceTree = "<group>";
		};
		BABE995126A40C0600531483 /* Profile */ = {
			isa = PBXGroup;
			children = (
				BABE995226A40C0600531483 /* UserManager.swift */,
				BABE995326A40C0600531483 /* Profile.swift */,
				BABE995426A40C0600531483 /* Settings.swift */,
			);
			path = Profile;
			sourceTree = "<group>";
		};
		BABE996026A40FC300531483 /* Managers */ = {
			isa = PBXGroup;
			children = (
				BA6414B8264FBF5E00CC63DF /* CalendarManager.swift */,
			);
			path = Managers;
			sourceTree = "<group>";
		};
		BABE996126A41C7B00531483 /* Storyboards */ = {
			isa = PBXGroup;
			children = (
				BABE996226A41DD600531483 /* Main.storyboard */,
				BA031D6A264956BA0024A21D /* DayEventListViewController.swift */,
				BA031D96264A035E0024A21D /* DayEventListReactor.swift */,
			);
			path = Storyboards;
			sourceTree = "<group>";
		};
/* End PBXGroup section */

/* Begin PBXNativeTarget section */
		BA031D62264956BA0024A21D /* Onecalios */ = {
			isa = PBXNativeTarget;
			buildConfigurationList = BA031D8D264956BB0024A21D /* Build configuration list for PBXNativeTarget "Onecalios" */;
			buildPhases = (
				0D58202DD376CB930FBC7C27 /* [CP] Check Pods Manifest.lock */,
				BA031D5F264956BA0024A21D /* Sources */,
				BA031D60264956BA0024A21D /* Frameworks */,
				BA031D61264956BA0024A21D /* Resources */,
				BA63D07B2662393A0064F04F /* SwiftLint */,
				4C888BA10F36A71624EDB7FF /* [CP] Embed Pods Frameworks */,
			);
			buildRules = (
			);
			dependencies = (
			);
			name = Onecalios;
			productName = onecalios;
			productReference = BA031D63264956BA0024A21D /* Onecalios.app */;
			productType = "com.apple.product-type.application";
		};
		BA031D78264956BB0024A21D /* OnecaliosTests */ = {
			isa = PBXNativeTarget;
			buildConfigurationList = BA031D90264956BB0024A21D /* Build configuration list for PBXNativeTarget "OnecaliosTests" */;
			buildPhases = (
				BA031D75264956BB0024A21D /* Sources */,
				BA031D76264956BB0024A21D /* Frameworks */,
				BA031D77264956BB0024A21D /* Resources */,
			);
			buildRules = (
			);
			dependencies = (
				BA031D7B264956BB0024A21D /* PBXTargetDependency */,
			);
			name = OnecaliosTests;
			productName = onecaliosTests;
			productReference = BA031D79264956BB0024A21D /* OnecaliosTests.xctest */;
			productType = "com.apple.product-type.bundle.unit-test";
		};
		BA031D83264956BB0024A21D /* OnecaliosUITests */ = {
			isa = PBXNativeTarget;
			buildConfigurationList = BA031D93264956BB0024A21D /* Build configuration list for PBXNativeTarget "OnecaliosUITests" */;
			buildPhases = (
				BA031D80264956BB0024A21D /* Sources */,
				BA031D81264956BB0024A21D /* Frameworks */,
				BA031D82264956BB0024A21D /* Resources */,
			);
			buildRules = (
			);
			dependencies = (
				BA031D86264956BB0024A21D /* PBXTargetDependency */,
			);
			name = OnecaliosUITests;
			productName = onecaliosUITests;
			productReference = BA031D84264956BB0024A21D /* OnecaliosUITests.xctest */;
			productType = "com.apple.product-type.bundle.ui-testing";
		};
/* End PBXNativeTarget section */

/* Begin PBXProject section */
		BA031D5B264956BA0024A21D /* Project object */ = {
			isa = PBXProject;
			attributes = {
				LastSwiftUpdateCheck = 1250;
				LastUpgradeCheck = 1250;
				TargetAttributes = {
					BA031D62264956BA0024A21D = {
						CreatedOnToolsVersion = 12.5;
					};
					BA031D78264956BB0024A21D = {
						CreatedOnToolsVersion = 12.5;
						TestTargetID = BA031D62264956BA0024A21D;
					};
					BA031D83264956BB0024A21D = {
						CreatedOnToolsVersion = 12.5;
						TestTargetID = BA031D62264956BA0024A21D;
					};
				};
			};
			buildConfigurationList = BA031D5E264956BA0024A21D /* Build configuration list for PBXProject "Onecalios" */;
			compatibilityVersion = "Xcode 9.3";
			developmentRegion = en;
			hasScannedForEncodings = 0;
			knownRegions = (
				en,
				Base,
			);
			mainGroup = BA031D5A264956BA0024A21D;
			productRefGroup = BA031D64264956BA0024A21D /* Products */;
			projectDirPath = "";
			projectRoot = "";
			targets = (
				BA031D62264956BA0024A21D /* Onecalios */,
				BA031D78264956BB0024A21D /* OnecaliosTests */,
				BA031D83264956BB0024A21D /* OnecaliosUITests */,
			);
		};
/* End PBXProject section */

/* Begin PBXResourcesBuildPhase section */
		BA031D61264956BA0024A21D /* Resources */ = {
			isa = PBXResourcesBuildPhase;
			buildActionMask = 2147483647;
			files = (
				BA272EDF2697ED5E0062D9A3 /* Preview Assets.xcassets in Resources */,
				BA031D70264956BB0024A21D /* Assets.xcassets in Resources */,
				BABE996426A41DD600531483 /* Main.storyboard in Resources */,
			);
			runOnlyForDeploymentPostprocessing = 0;
		};
		BA031D77264956BB0024A21D /* Resources */ = {
			isa = PBXResourcesBuildPhase;
			buildActionMask = 2147483647;
			files = (
			);
			runOnlyForDeploymentPostprocessing = 0;
		};
		BA031D82264956BB0024A21D /* Resources */ = {
			isa = PBXResourcesBuildPhase;
			buildActionMask = 2147483647;
			files = (
			);
			runOnlyForDeploymentPostprocessing = 0;
		};
/* End PBXResourcesBuildPhase section */

/* Begin PBXShellScriptBuildPhase section */
		0D58202DD376CB930FBC7C27 /* [CP] Check Pods Manifest.lock */ = {
			isa = PBXShellScriptBuildPhase;
			buildActionMask = 2147483647;
			files = (
			);
			inputFileListPaths = (
			);
			inputPaths = (
				"${PODS_PODFILE_DIR_PATH}/Podfile.lock",
				"${PODS_ROOT}/Manifest.lock",
			);
			name = "[CP] Check Pods Manifest.lock";
			outputFileListPaths = (
			);
			outputPaths = (
				"$(DERIVED_FILE_DIR)/Pods-Onecalios-checkManifestLockResult.txt",
			);
			runOnlyForDeploymentPostprocessing = 0;
			shellPath = /bin/sh;
			shellScript = "diff \"${PODS_PODFILE_DIR_PATH}/Podfile.lock\" \"${PODS_ROOT}/Manifest.lock\" > /dev/null\nif [ $? != 0 ] ; then\n    # print error to STDERR\n    echo \"error: The sandbox is not in sync with the Podfile.lock. Run 'pod install' or update your CocoaPods installation.\" >&2\n    exit 1\nfi\n# This output is used by Xcode 'outputs' to avoid re-running this script phase.\necho \"SUCCESS\" > \"${SCRIPT_OUTPUT_FILE_0}\"\n";
			showEnvVarsInLog = 0;
		};
		4C888BA10F36A71624EDB7FF /* [CP] Embed Pods Frameworks */ = {
			isa = PBXShellScriptBuildPhase;
			buildActionMask = 2147483647;
			files = (
			);
			inputFileListPaths = (
				"${PODS_ROOT}/Target Support Files/Pods-Onecalios/Pods-Onecalios-frameworks-${CONFIGURATION}-input-files.xcfilelist",
			);
			name = "[CP] Embed Pods Frameworks";
			outputFileListPaths = (
				"${PODS_ROOT}/Target Support Files/Pods-Onecalios/Pods-Onecalios-frameworks-${CONFIGURATION}-output-files.xcfilelist",
			);
			runOnlyForDeploymentPostprocessing = 0;
			shellPath = /bin/sh;
			shellScript = "\"${PODS_ROOT}/Target Support Files/Pods-Onecalios/Pods-Onecalios-frameworks.sh\"\n";
			showEnvVarsInLog = 0;
		};
		BA63D07B2662393A0064F04F /* SwiftLint */ = {
			isa = PBXShellScriptBuildPhase;
			buildActionMask = 2147483647;
			files = (
			);
			inputFileListPaths = (
			);
			inputPaths = (
			);
			name = SwiftLint;
			outputFileListPaths = (
			);
			outputPaths = (
			);
			runOnlyForDeploymentPostprocessing = 0;
			shellPath = /bin/sh;
			shellScript = "if [ -f ~/Dropbox/Developer/Lint/com.raywenderlich.swiftlint.yml ]; then\n  if which swiftlint >/dev/null; then\n    swiftlint --no-cache --config ~/Dropbox/Developer/Lint/com.raywenderlich.swiftlint.yml\n  fi\nfi\n";
		};
/* End PBXShellScriptBuildPhase section */

/* Begin PBXSourcesBuildPhase section */
		BA031D5F264956BA0024A21D /* Sources */ = {
			isa = PBXSourcesBuildPhase;
			buildActionMask = 2147483647;
			files = (
				BABE995526A40C0600531483 /* UserManager.swift in Sources */,
				BABE995626A40C0600531483 /* Profile.swift in Sources */,
				BABE995926A40C3C00531483 /* WelcomeBackgroundImage.swift in Sources */,
				BA9485A326AC4EA7009BCA5F /* SettingsView.swift in Sources */,
				BA9485AA26AC4F50009BCA5F /* Appearance.swift in Sources */,
				BA031D97264A035E0024A21D /* DayEventListReactor.swift in Sources */,
				BABE995B26A40C9D00531483 /* WelcomeMessageView.swift in Sources */,
				BA031D6B264956BA0024A21D /* DayEventListViewController.swift in Sources */,
				BA0136AE26AC36C700847ECA /* FloatingMenu.swift in Sources */,
				BA9485A926AC4F50009BCA5F /* LocalNotifications.swift in Sources */,
				BA272EE22697EE130062D9A3 /* MainCalendarView.swift in Sources */,
				BA9485A826AC4F50009BCA5F /* Color+Extension.swift in Sources */,
				BAFC29C5266B2D03001C9E5A /* DispatchExtension.swift in Sources */,
				BABE995D26A40CD400531483 /* HorizontallyAlignedLabelStyle.swift in Sources */,
				BA272EE32697EE130062D9A3 /* OnecaliosApp.swift in Sources */,
				BABE995F26A40D3C00531483 /* WelcomeView.swift in Sources */,
				BA6414B9264FBF5E00CC63DF /* CalendarManager.swift in Sources */,
				BABE995026A4096700531483 /* LogoImage.swift in Sources */,
				BA0136B026AC3E5700847ECA /* ViewExtension.swift in Sources */,
				BABE995726A40C0600531483 /* Settings.swift in Sources */,
				BAFC29C7266B4F9D001C9E5A /* EKEventUI+Rx.swift in Sources */,
			);
			runOnlyForDeploymentPostprocessing = 0;
		};
		BA031D75264956BB0024A21D /* Sources */ = {
			isa = PBXSourcesBuildPhase;
			buildActionMask = 2147483647;
			files = (
				BA031D7E264956BB0024A21D /* OnecaliosTests.swift in Sources */,
			);
			runOnlyForDeploymentPostprocessing = 0;
		};
		BA031D80264956BB0024A21D /* Sources */ = {
			isa = PBXSourcesBuildPhase;
			buildActionMask = 2147483647;
			files = (
				BA031D89264956BB0024A21D /* OnecaliosUITests.swift in Sources */,
			);
			runOnlyForDeploymentPostprocessing = 0;
		};
/* End PBXSourcesBuildPhase section */

/* Begin PBXTargetDependency section */
		BA031D7B264956BB0024A21D /* PBXTargetDependency */ = {
			isa = PBXTargetDependency;
			target = BA031D62264956BA0024A21D /* Onecalios */;
			targetProxy = BA031D7A264956BB0024A21D /* PBXContainerItemProxy */;
		};
		BA031D86264956BB0024A21D /* PBXTargetDependency */ = {
			isa = PBXTargetDependency;
			target = BA031D62264956BA0024A21D /* Onecalios */;
			targetProxy = BA031D85264956BB0024A21D /* PBXContainerItemProxy */;
		};
/* End PBXTargetDependency section */

/* Begin PBXVariantGroup section */
		BABE996226A41DD600531483 /* Main.storyboard */ = {
			isa = PBXVariantGroup;
			children = (
				BABE996326A41DD600531483 /* Base */,
			);
			name = Main.storyboard;
			sourceTree = "<group>";
		};
/* End PBXVariantGroup section */

/* Begin XCBuildConfiguration section */
		BA031D8B264956BB0024A21D /* Debug */ = {
			isa = XCBuildConfiguration;
			buildSettings = {
				ALWAYS_SEARCH_USER_PATHS = NO;
				CLANG_ANALYZER_NONNULL = YES;
				CLANG_ANALYZER_NUMBER_OBJECT_CONVERSION = YES_AGGRESSIVE;
				CLANG_CXX_LANGUAGE_STANDARD = "gnu++14";
				CLANG_CXX_LIBRARY = "libc++";
				CLANG_ENABLE_MODULES = YES;
				CLANG_ENABLE_OBJC_ARC = YES;
				CLANG_ENABLE_OBJC_WEAK = YES;
				CLANG_WARN_BLOCK_CAPTURE_AUTORELEASING = YES;
				CLANG_WARN_BOOL_CONVERSION = YES;
				CLANG_WARN_COMMA = YES;
				CLANG_WARN_CONSTANT_CONVERSION = YES;
				CLANG_WARN_DEPRECATED_OBJC_IMPLEMENTATIONS = YES;
				CLANG_WARN_DIRECT_OBJC_ISA_USAGE = YES_ERROR;
				CLANG_WARN_DOCUMENTATION_COMMENTS = YES;
				CLANG_WARN_EMPTY_BODY = YES;
				CLANG_WARN_ENUM_CONVERSION = YES;
				CLANG_WARN_INFINITE_RECURSION = YES;
				CLANG_WARN_INT_CONVERSION = YES;
				CLANG_WARN_NON_LITERAL_NULL_CONVERSION = YES;
				CLANG_WARN_OBJC_IMPLICIT_RETAIN_SELF = YES;
				CLANG_WARN_OBJC_LITERAL_CONVERSION = YES;
				CLANG_WARN_OBJC_ROOT_CLASS = YES_ERROR;
				CLANG_WARN_QUOTED_INCLUDE_IN_FRAMEWORK_HEADER = YES;
				CLANG_WARN_RANGE_LOOP_ANALYSIS = YES;
				CLANG_WARN_STRICT_PROTOTYPES = YES;
				CLANG_WARN_SUSPICIOUS_MOVE = YES;
				CLANG_WARN_UNGUARDED_AVAILABILITY = YES_AGGRESSIVE;
				CLANG_WARN_UNREACHABLE_CODE = YES;
				CLANG_WARN__DUPLICATE_METHOD_MATCH = YES;
				COPY_PHASE_STRIP = NO;
				DEBUG_INFORMATION_FORMAT = dwarf;
				ENABLE_STRICT_OBJC_MSGSEND = YES;
				ENABLE_TESTABILITY = YES;
				GCC_C_LANGUAGE_STANDARD = gnu11;
				GCC_DYNAMIC_NO_PIC = NO;
				GCC_NO_COMMON_BLOCKS = YES;
				GCC_OPTIMIZATION_LEVEL = 0;
				GCC_PREPROCESSOR_DEFINITIONS = (
					"DEBUG=1",
					"$(inherited)",
				);
				GCC_WARN_64_TO_32_BIT_CONVERSION = YES;
				GCC_WARN_ABOUT_RETURN_TYPE = YES_ERROR;
				GCC_WARN_UNDECLARED_SELECTOR = YES;
				GCC_WARN_UNINITIALIZED_AUTOS = YES_AGGRESSIVE;
				GCC_WARN_UNUSED_FUNCTION = YES;
				GCC_WARN_UNUSED_VARIABLE = YES;
				IPHONEOS_DEPLOYMENT_TARGET = 14.1;
				MTL_ENABLE_DEBUG_INFO = INCLUDE_SOURCE;
				MTL_FAST_MATH = YES;
				ONLY_ACTIVE_ARCH = YES;
				SDKROOT = iphoneos;
				SWIFT_ACTIVE_COMPILATION_CONDITIONS = DEBUG;
				SWIFT_OPTIMIZATION_LEVEL = "-Onone";
			};
			name = Debug;
		};
		BA031D8C264956BB0024A21D /* Release */ = {
			isa = XCBuildConfiguration;
			buildSettings = {
				ALWAYS_SEARCH_USER_PATHS = NO;
				CLANG_ANALYZER_NONNULL = YES;
				CLANG_ANALYZER_NUMBER_OBJECT_CONVERSION = YES_AGGRESSIVE;
				CLANG_CXX_LANGUAGE_STANDARD = "gnu++14";
				CLANG_CXX_LIBRARY = "libc++";
				CLANG_ENABLE_MODULES = YES;
				CLANG_ENABLE_OBJC_ARC = YES;
				CLANG_ENABLE_OBJC_WEAK = YES;
				CLANG_WARN_BLOCK_CAPTURE_AUTORELEASING = YES;
				CLANG_WARN_BOOL_CONVERSION = YES;
				CLANG_WARN_COMMA = YES;
				CLANG_WARN_CONSTANT_CONVERSION = YES;
				CLANG_WARN_DEPRECATED_OBJC_IMPLEMENTATIONS = YES;
				CLANG_WARN_DIRECT_OBJC_ISA_USAGE = YES_ERROR;
				CLANG_WARN_DOCUMENTATION_COMMENTS = YES;
				CLANG_WARN_EMPTY_BODY = YES;
				CLANG_WARN_ENUM_CONVERSION = YES;
				CLANG_WARN_INFINITE_RECURSION = YES;
				CLANG_WARN_INT_CONVERSION = YES;
				CLANG_WARN_NON_LITERAL_NULL_CONVERSION = YES;
				CLANG_WARN_OBJC_IMPLICIT_RETAIN_SELF = YES;
				CLANG_WARN_OBJC_LITERAL_CONVERSION = YES;
				CLANG_WARN_OBJC_ROOT_CLASS = YES_ERROR;
				CLANG_WARN_QUOTED_INCLUDE_IN_FRAMEWORK_HEADER = YES;
				CLANG_WARN_RANGE_LOOP_ANALYSIS = YES;
				CLANG_WARN_STRICT_PROTOTYPES = YES;
				CLANG_WARN_SUSPICIOUS_MOVE = YES;
				CLANG_WARN_UNGUARDED_AVAILABILITY = YES_AGGRESSIVE;
				CLANG_WARN_UNREACHABLE_CODE = YES;
				CLANG_WARN__DUPLICATE_METHOD_MATCH = YES;
				COPY_PHASE_STRIP = NO;
				DEBUG_INFORMATION_FORMAT = "dwarf-with-dsym";
				ENABLE_NS_ASSERTIONS = NO;
				ENABLE_STRICT_OBJC_MSGSEND = YES;
				GCC_C_LANGUAGE_STANDARD = gnu11;
				GCC_NO_COMMON_BLOCKS = YES;
				GCC_WARN_64_TO_32_BIT_CONVERSION = YES;
				GCC_WARN_ABOUT_RETURN_TYPE = YES_ERROR;
				GCC_WARN_UNDECLARED_SELECTOR = YES;
				GCC_WARN_UNINITIALIZED_AUTOS = YES_AGGRESSIVE;
				GCC_WARN_UNUSED_FUNCTION = YES;
				GCC_WARN_UNUSED_VARIABLE = YES;
				IPHONEOS_DEPLOYMENT_TARGET = 14.1;
				MTL_ENABLE_DEBUG_INFO = NO;
				MTL_FAST_MATH = YES;
				SDKROOT = iphoneos;
				SWIFT_COMPILATION_MODE = wholemodule;
				SWIFT_OPTIMIZATION_LEVEL = "-O";
				VALIDATE_PRODUCT = YES;
			};
			name = Release;
		};
		BA031D8E264956BB0024A21D /* Debug */ = {
			isa = XCBuildConfiguration;
			baseConfigurationReference = D1FB1E2794916951DB1E43AB /* Pods-Onecalios.debug.xcconfig */;
			buildSettings = {
				ASSETCATALOG_COMPILER_APPICON_NAME = AppIcon;
				ASSETCATALOG_COMPILER_GLOBAL_ACCENT_COLOR_NAME = AccentColor;
				CODE_SIGN_STYLE = Automatic;
				DEVELOPMENT_ASSET_PATHS = "onecalios/Preview\\ Content";
				DEVELOPMENT_TEAM = N6EG7RK539;
				ENABLE_BITCODE = YES;
				INFOPLIST_FILE = onecalios/Info.plist;
				LD_RUNPATH_SEARCH_PATHS = (
					"$(inherited)",
					"@executable_path/Frameworks",
				);
				MARKETING_VERSION = 2.0.0;
				PRODUCT_BUNDLE_IDENTIFIER = kr.alterant.onecalios2;
				PRODUCT_NAME = "$(TARGET_NAME)";
				SWIFT_VERSION = 5.0;
				TARGETED_DEVICE_FAMILY = "1,2";
			};
			name = Debug;
		};
		BA031D8F264956BB0024A21D /* Release */ = {
			isa = XCBuildConfiguration;
			baseConfigurationReference = F4969995CA75593F90EE3E62 /* Pods-Onecalios.release.xcconfig */;
			buildSettings = {
				ASSETCATALOG_COMPILER_APPICON_NAME = AppIcon;
				ASSETCATALOG_COMPILER_GLOBAL_ACCENT_COLOR_NAME = AccentColor;
				CODE_SIGN_STYLE = Automatic;
				DEVELOPMENT_ASSET_PATHS = "onecalios/Preview\\ Content";
				DEVELOPMENT_TEAM = N6EG7RK539;
				ENABLE_BITCODE = YES;
				INFOPLIST_FILE = onecalios/Info.plist;
				LD_RUNPATH_SEARCH_PATHS = (
					"$(inherited)",
					"@executable_path/Frameworks",
				);
				MARKETING_VERSION = 2.0.0;
				PRODUCT_BUNDLE_IDENTIFIER = kr.alterant.onecalios2;
				PRODUCT_NAME = "$(TARGET_NAME)";
				SWIFT_VERSION = 5.0;
				TARGETED_DEVICE_FAMILY = "1,2";
			};
			name = Release;
		};
		BA031D91264956BB0024A21D /* Debug */ = {
			isa = XCBuildConfiguration;
			buildSettings = {
				ALWAYS_EMBED_SWIFT_STANDARD_LIBRARIES = YES;
				BUNDLE_LOADER = "$(TEST_HOST)";
				CODE_SIGN_STYLE = Automatic;
				INFOPLIST_FILE = onecaliosTests/Info.plist;
				IPHONEOS_DEPLOYMENT_TARGET = 14.5;
				LD_RUNPATH_SEARCH_PATHS = (
					"$(inherited)",
					"@executable_path/Frameworks",
					"@loader_path/Frameworks",
				);
				PRODUCT_BUNDLE_IDENTIFIER = kr.alterant.onecaliosTests;
				PRODUCT_NAME = "$(TARGET_NAME)";
				SWIFT_VERSION = 5.0;
				TARGETED_DEVICE_FAMILY = "1,2";
				TEST_HOST = "$(BUILT_PRODUCTS_DIR)/Onecalios.app/Onecalios";
			};
			name = Debug;
		};
		BA031D92264956BB0024A21D /* Release */ = {
			isa = XCBuildConfiguration;
			buildSettings = {
				ALWAYS_EMBED_SWIFT_STANDARD_LIBRARIES = YES;
				BUNDLE_LOADER = "$(TEST_HOST)";
				CODE_SIGN_STYLE = Automatic;
				INFOPLIST_FILE = onecaliosTests/Info.plist;
				IPHONEOS_DEPLOYMENT_TARGET = 14.5;
				LD_RUNPATH_SEARCH_PATHS = (
					"$(inherited)",
					"@executable_path/Frameworks",
					"@loader_path/Frameworks",
				);
				PRODUCT_BUNDLE_IDENTIFIER = kr.alterant.onecaliosTests;
				PRODUCT_NAME = "$(TARGET_NAME)";
				SWIFT_VERSION = 5.0;
				TARGETED_DEVICE_FAMILY = "1,2";
				TEST_HOST = "$(BUILT_PRODUCTS_DIR)/Onecalios.app/Onecalios";
			};
			name = Release;
		};
		BA031D94264956BB0024A21D /* Debug */ = {
			isa = XCBuildConfiguration;
			buildSettings = {
				ALWAYS_EMBED_SWIFT_STANDARD_LIBRARIES = YES;
				CODE_SIGN_STYLE = Automatic;
				INFOPLIST_FILE = onecaliosUITests/Info.plist;
				LD_RUNPATH_SEARCH_PATHS = (
					"$(inherited)",
					"@executable_path/Frameworks",
					"@loader_path/Frameworks",
				);
				PRODUCT_BUNDLE_IDENTIFIER = kr.alterant.onecaliosUITests;
				PRODUCT_NAME = "$(TARGET_NAME)";
				SWIFT_VERSION = 5.0;
				TARGETED_DEVICE_FAMILY = "1,2";
				TEST_TARGET_NAME = onecalios;
			};
			name = Debug;
		};
		BA031D95264956BB0024A21D /* Release */ = {
			isa = XCBuildConfiguration;
			buildSettings = {
				ALWAYS_EMBED_SWIFT_STANDARD_LIBRARIES = YES;
				CODE_SIGN_STYLE = Automatic;
				INFOPLIST_FILE = onecaliosUITests/Info.plist;
				LD_RUNPATH_SEARCH_PATHS = (
					"$(inherited)",
					"@executable_path/Frameworks",
					"@loader_path/Frameworks",
				);
				PRODUCT_BUNDLE_IDENTIFIER = kr.alterant.onecaliosUITests;
				PRODUCT_NAME = "$(TARGET_NAME)";
				SWIFT_VERSION = 5.0;
				TARGETED_DEVICE_FAMILY = "1,2";
				TEST_TARGET_NAME = onecalios;
			};
			name = Release;
		};
/* End XCBuildConfiguration section */

/* Begin XCConfigurationList section */
		BA031D5E264956BA0024A21D /* Build configuration list for PBXProject "Onecalios" */ = {
			isa = XCConfigurationList;
			buildConfigurations = (
				BA031D8B264956BB0024A21D /* Debug */,
				BA031D8C264956BB0024A21D /* Release */,
			);
			defaultConfigurationIsVisible = 0;
			defaultConfigurationName = Release;
		};
		BA031D8D264956BB0024A21D /* Build configuration list for PBXNativeTarget "Onecalios" */ = {
			isa = XCConfigurationList;
			buildConfigurations = (
				BA031D8E264956BB0024A21D /* Debug */,
				BA031D8F264956BB0024A21D /* Release */,
			);
			defaultConfigurationIsVisible = 0;
			defaultConfigurationName = Release;
		};
		BA031D90264956BB0024A21D /* Build configuration list for PBXNativeTarget "OnecaliosTests" */ = {
			isa = XCConfigurationList;
			buildConfigurations = (
				BA031D91264956BB0024A21D /* Debug */,
				BA031D92264956BB0024A21D /* Release */,
			);
			defaultConfigurationIsVisible = 0;
			defaultConfigurationName = Release;
		};
		BA031D93264956BB0024A21D /* Build configuration list for PBXNativeTarget "OnecaliosUITests" */ = {
			isa = XCConfigurationList;
			buildConfigurations = (
				BA031D94264956BB0024A21D /* Debug */,
				BA031D95264956BB0024A21D /* Release */,
			);
			defaultConfigurationIsVisible = 0;
			defaultConfigurationName = Release;
		};
/* End XCConfigurationList section */
	};
	rootObject = BA031D5B264956BA0024A21D /* Project object */;
}
